// !$*UTF8*$!
{
	archiveVersion = 1;
	classes = {};
	objectVersion = 60;
	objects = {

/* Begin PBXBuildFile section */
		A10000000000000000000001 /* StyreneMobileUITests.swift in Sources */ = {isa = PBXBuildFile; fileRef = A10000000000000000000002 /* StyreneMobileUITests.swift */; };
		A10000000000000000000003 /* XCTest.framework in Frameworks */ = {isa = PBXBuildFile; fileRef = A10000000000000000000004 /* XCTest.framework */; };
/* End PBXBuildFile section */

/* Begin PBXFileReference section */
		A10000000000000000000002 /* StyreneMobileUITests.swift */ = {isa = PBXFileReference; lastKnownFileType = sourcecode.swift; path = StyreneMobileUITests.swift; sourceTree = "<group>"; };
		A10000000000000000000004 /* XCTest.framework */ = {isa = PBXFileReference; lastKnownFileType = wrapper.framework; name = XCTest.framework; path = System/Library/Frameworks/XCTest.framework; sourceTree = SDKROOT; };
		A10000000000000000000005 /* StyreneMobileUITests.xctest */ = {isa = PBXFileReference; explicitFileType = wrapper.cfbundle; includeInIndex = 0; path = StyreneMobileUITests.xctest; sourceTree = BUILT_PRODUCTS_DIR; };
/* End PBXFileReference section */

/* Begin PBXFrameworksBuildPhase section */
		A10000000000000000000006 /* Frameworks */ = {
			isa = PBXFrameworksBuildPhase;
			buildActionMask = 2147483647;
			files = (A10000000000000000000003 /* XCTest.framework in Frameworks */,);
			runOnlyForDeploymentPostprocessing = 0;
		};
/* End PBXFrameworksBuildPhase section */

/* Begin PBXGroup section */
		A10000000000000000000007 = {
			isa = PBXGroup;
			children = (
				A10000000000000000000002 /* StyreneMobileUITests.swift */,
				A10000000000000000000008 /* Frameworks */,
				A10000000000000000000009 /* Products */,
			);
			sourceTree = "<group>";
		};
		A10000000000000000000008 /* Frameworks */ = {isa = PBXGroup; children = (A10000000000000000000004 /* XCTest.framework */,); name = Frameworks; sourceTree = "<group>"; };
		A10000000000000000000009 /* Products */ = {isa = PBXGroup; children = (A10000000000000000000005 /* StyreneMobileUITests.xctest */,); name = Products; sourceTree = "<group>"; };
/* End PBXGroup section */

/* Begin PBXNativeTarget section */
		A1000000000000000000000A /* StyreneMobileUITests */ = {
			isa = PBXNativeTarget;
			buildConfigurationList = A1000000000000000000000B /* Build configuration list for PBXNativeTarget "StyreneMobileUITests" */;
			buildPhases = (
				A1000000000000000000000C /* Sources */,
				A10000000000000000000006 /* Frameworks */,
			);
			buildRules = ();
			dependencies = ();
			name = StyreneMobileUITests;
			productName = StyreneMobileUITests;
			productReference = A10000000000000000000005 /* StyreneMobileUITests.xctest */;
			productType = "com.apple.product-type.bundle.ui-testing";
		};
/* End PBXNativeTarget section */

/* Begin PBXProject section */
		A1000000000000000000000D /* Project object */ = {
			isa = PBXProject;
			attributes = {BuildIndependentTargetsInParallel = 1; LastSwiftUpdateCheck = 2600; LastUpgradeCheck = 2600; };
			buildConfigurationList = A1000000000000000000000E /* Build configuration list for PBXProject "StyreneMobileUITests" */;
			compatibilityVersion = "Xcode 15.0";
			developmentRegion = en;
			hasScannedForEncodings = 0;
			knownRegions = (en, Base,);
			mainGroup = A10000000000000000000007;
			productRefGroup = A10000000000000000000009 /* Products */;
			projectDirPath = "";
			projectRoot = "";
			targets = (A1000000000000000000000A /* StyreneMobileUITests */,);
		};
/* End PBXProject section */

/* Begin PBXSourcesBuildPhase section */
		A1000000000000000000000C /* Sources */ = {isa = PBXSourcesBuildPhase; buildActionMask = 2147483647; files = (A10000000000000000000001 /* StyreneMobileUITests.swift in Sources */,); runOnlyForDeploymentPostprocessing = 0; };
/* End PBXSourcesBuildPhase section */

/* Begin XCBuildConfiguration section */
		A1000000000000000000000F /* Debug */ = {isa = XCBuildConfiguration; buildSettings = {CLANG_ENABLE_MODULES = YES; GENERATE_INFOPLIST_FILE = YES; IPHONEOS_DEPLOYMENT_TARGET = 17.0; PRODUCT_BUNDLE_IDENTIFIER = io.styrene.mesh.uitests; PRODUCT_NAME = "$(TARGET_NAME)"; SDKROOT = iphoneos; SUPPORTED_PLATFORMS = "iphoneos iphonesimulator"; SWIFT_VERSION = 5.0; TARGETED_DEVICE_FAMILY = "1,2"; }; name = Debug; };
		A10000000000000000000010 /* Release */ = {isa = XCBuildConfiguration; buildSettings = {CLANG_ENABLE_MODULES = YES; GENERATE_INFOPLIST_FILE = YES; IPHONEOS_DEPLOYMENT_TARGET = 17.0; PRODUCT_BUNDLE_IDENTIFIER = io.styrene.mesh.uitests; PRODUCT_NAME = "$(TARGET_NAME)"; SDKROOT = iphoneos; SUPPORTED_PLATFORMS = "iphoneos iphonesimulator"; SWIFT_VERSION = 5.0; TARGETED_DEVICE_FAMILY = "1,2"; }; name = Release; };
		A10000000000000000000011 /* Debug */ = {isa = XCBuildConfiguration; buildSettings = {IPHONEOS_DEPLOYMENT_TARGET = 17.0; SDKROOT = iphoneos; }; name = Debug; };
		A10000000000000000000012 /* Release */ = {isa = XCBuildConfiguration; buildSettings = {IPHONEOS_DEPLOYMENT_TARGET = 17.0; SDKROOT = iphoneos; }; name = Release; };
/* End XCBuildConfiguration section */

/* Begin XCConfigurationList section */
		A1000000000000000000000B /* Build configuration list for PBXNativeTarget "StyreneMobileUITests" */ = {isa = XCConfigurationList; buildConfigurations = (A1000000000000000000000F /* Debug */, A10000000000000000000010 /* Release */,); defaultConfigurationIsVisible = 0; defaultConfigurationName = Debug; };
		A1000000000000000000000E /* Build configuration list for PBXProject "StyreneMobileUITests" */ = {isa = XCConfigurationList; buildConfigurations = (A10000000000000000000011 /* Debug */, A10000000000000000000012 /* Release */,); defaultConfigurationIsVisible = 0; defaultConfigurationName = Debug; };
/* End XCConfigurationList section */
	};
	rootObject = A1000000000000000000000D /* Project object */;
}
